
Microsoft Visual Studio Solution File, Format Version 12.00
# Visual Studio Version 17
VisualStudioVersion = 17.3.32811.315
MinimumVisualStudioVersion = 10.0.40219.1
Project("{FAE04EC0-301F-11D3-BF4B-00C04F79EFBC}") = "WebApplication2", "WebApplication2\WebApplication2.csproj", "{472F6EBF-AA2F-43FB-8115-E71C0DDD979F}"
EndProject
Global
	GlobalSection(SolutionConfigurationPlatforms) = preSolution
		Debug|Any CPU = Debug|Any CPU
		Release|Any CPU = Release|Any CPU
	EndGlobalSection
	GlobalSection(ProjectConfigurationPlatforms) = postSolution
		{472F6EBF-AA2F-43FB-8115-E71C0DDD979F}.Debug|Any CPU.ActiveCfg = Debug|Any CPU
		{472F6EBF-AA2F-43FB-8115-E71C0DDD979F}.Debug|Any CPU.Build.0 = Debug|Any CPU
		{472F6EBF-AA2F-43FB-8115-E71C0DDD979F}.Release|Any CPU.ActiveCfg = Release|Any CPU
		{472F6EBF-AA2F-43FB-8115-E71C0DDD979F}.Release|Any CPU.Build.0 = Release|Any CPU
	EndGlobalSection
	GlobalSection(SolutionProperties) = preSolution
		HideSolutionNode = FALSE
	EndGlobalSection
	GlobalSection(ExtensibilityGlobals) = postSolution
		SolutionGuid = {59C6452F-69D4-4225-B676-CC504D276EE8}
	EndGlobalSection
EndGlobal
